
Microsoft Visual Studio Solution File, Format Version 12.00
# Visual Studio Version 17
VisualStudioVersion = 17.0.32014.148
MinimumVisualStudioVersion = 10.0.40219.1
Project("{9A19103F-16F7-4668-BE54-9A1E7A4F7556}") = "Application", "Application\Application.csproj", "{0BA62BC3-6504-4CF4-A7AD-4E1C6F800D12}"
EndProject
Project("{9A19103F-16F7-4668-BE54-9A1E7A4F7556}") = "Domain", "Domain\Domain.csproj", "{7001223C-FF25-4DDF-8B38-5B6535280DAA}"
EndProject
Project("{9A19103F-16F7-4668-BE54-9A1E7A4F7556}") = "Service", "Service\Service.csproj", "{0578FEFE-D756-4CE0-9FA6-19FD020EF003}"
EndProject
Project("{9A19103F-16F7-4668-BE54-9A1E7A4F7556}") = "Data", "Data\Data.csproj", "{0C527107-493E-49FD-81DA-01F870484DA4}"
EndProject
Project("{9A19103F-16F7-4668-BE54-9A1E7A4F7556}") = "CrossCutting", "CrossCutting\CrossCutting.csproj", "{C83E2E8A-BC7C-4958-B8F0-05744DB9615C}"
EndProject
Project("{2150E333-8FDC-42A3-9474-1A3956D46DE8}") = "1 - Application", "1 - Application", "{2C05379B-1A5E-4072-A06E-12DD5AD83494}"
EndProject
Project("{2150E333-8FDC-42A3-9474-1A3956D46DE8}") = "2 - Domain", "2 - Domain", "{FE24DE26-FF1A-42B4-901E-575757B1A18F}"
EndProject
Project("{2150E333-8FDC-42A3-9474-1A3956D46DE8}") = "3 - Service", "3 - Service", "{40556B02-2537-4425-B2E9-EFDE6548EEA7}"
EndProject
Project("{2150E333-8FDC-42A3-9474-1A3956D46DE8}") = "4 - Infra", "4 - Infra", "{CFA0334F-218F-44A9-B673-B4007808CC4C}"
EndProject
Project("{2150E333-8FDC-42A3-9474-1A3956D46DE8}") = "4.1 - Data", "4.1 - Data", "{3BEA1CF4-ABA5-4555-A2BB-8871E240AE47}"
EndProject
Project("{2150E333-8FDC-42A3-9474-1A3956D46DE8}") = "4.2 - CrossCutting", "4.2 - CrossCutting", "{6F1C4341-3FF3-413F-ADAD-6165E8D712E0}"
EndProject
Global
	GlobalSection(SolutionConfigurationPlatforms) = preSolution
		Debug|Any CPU = Debug|Any CPU
		Debug|x64 = Debug|x64
		Debug|x86 = Debug|x86
		Release|Any CPU = Release|Any CPU
		Release|x64 = Release|x64
		Release|x86 = Release|x86
	EndGlobalSection
	GlobalSection(ProjectConfigurationPlatforms) = postSolution
		{0BA62BC3-6504-4CF4-A7AD-4E1C6F800D12}.Debug|Any CPU.ActiveCfg = Debug|Any CPU
		{0BA62BC3-6504-4CF4-A7AD-4E1C6F800D12}.Debug|Any CPU.Build.0 = Debug|Any CPU
		{0BA62BC3-6504-4CF4-A7AD-4E1C6F800D12}.Debug|x64.ActiveCfg = Debug|Any CPU
		{0BA62BC3-6504-4CF4-A7AD-4E1C6F800D12}.Debug|x64.Build.0 = Debug|Any CPU
		{0BA62BC3-6504-4CF4-A7AD-4E1C6F800D12}.Debug|x86.ActiveCfg = Debug|Any CPU
		{0BA62BC3-6504-4CF4-A7AD-4E1C6F800D12}.Debug|x86.Build.0 = Debug|Any CPU
		{0BA62BC3-6504-4CF4-A7AD-4E1C6F800D12}.Release|Any CPU.ActiveCfg = Release|Any CPU
		{0BA62BC3-6504-4CF4-A7AD-4E1C6F800D12}.Release|Any CPU.Build.0 = Release|Any CPU
		{0BA62BC3-6504-4CF4-A7AD-4E1C6F800D12}.Release|x64.ActiveCfg = Release|Any CPU
		{0BA62BC3-6504-4CF4-A7AD-4E1C6F800D12}.Release|x64.Build.0 = Release|Any CPU
		{0BA62BC3-6504-4CF4-A7AD-4E1C6F800D12}.Release|x86.ActiveCfg = Release|Any CPU
		{0BA62BC3-6504-4CF4-A7AD-4E1C6F800D12}.Release|x86.Build.0 = Release|Any CPU
		{7001223C-FF25-4DDF-8B38-5B6535280DAA}.Debug|Any CPU.ActiveCfg = Debug|Any CPU
		{7001223C-FF25-4DDF-8B38-5B6535280DAA}.Debug|Any CPU.Build.0 = Debug|Any CPU
		{7001223C-FF25-4DDF-8B38-5B6535280DAA}.Debug|x64.ActiveCfg = Debug|Any CPU
		{7001223C-FF25-4DDF-8B38-5B6535280DAA}.Debug|x64.Build.0 = Debug|Any CPU
		{7001223C-FF25-4DDF-8B38-5B6535280DAA}.Debug|x86.ActiveCfg = Debug|Any CPU
		{7001223C-FF25-4DDF-8B38-5B6535280DAA}.Debug|x86.Build.0 = Debug|Any CPU
		{7001223C-FF25-4DDF-8B38-5B6535280DAA}.Release|Any CPU.ActiveCfg = Release|Any CPU
		{7001223C-FF25-4DDF-8B38-5B6535280DAA}.Release|Any CPU.Build.0 = Release|Any CPU
		{7001223C-FF25-4DDF-8B38-5B6535280DAA}.Release|x64.ActiveCfg = Release|Any CPU
		{7001223C-FF25-4DDF-8B38-5B6535280DAA}.Release|x64.Build.0 = Release|Any CPU
		{7001223C-FF25-4DDF-8B38-5B6535280DAA}.Release|x86.ActiveCfg = Release|Any CPU
		{7001223C-FF25-4DDF-8B38-5B6535280DAA}.Release|x86.Build.0 = Release|Any CPU
		{0578FEFE-D756-4CE0-9FA6-19FD020EF003}.Debug|Any CPU.ActiveCfg = Debug|Any CPU
		{0578FEFE-D756-4CE0-9FA6-19FD020EF003}.Debug|Any CPU.Build.0 = Debug|Any CPU
		{0578FEFE-D756-4CE0-9FA6-19FD020EF003}.Debug|x64.ActiveCfg = Debug|Any CPU
		{0578FEFE-D756-4CE0-9FA6-19FD020EF003}.Debug|x64.Build.0 = Debug|Any CPU
		{0578FEFE-D756-4CE0-9FA6-19FD020EF003}.Debug|x86.ActiveCfg = Debug|Any CPU
		{0578FEFE-D756-4CE0-9FA6-19FD020EF003}.Debug|x86.Build.0 = Debug|Any CPU
		{0578FEFE-D756-4CE0-9FA6-19FD020EF003}.Release|Any CPU.ActiveCfg = Release|Any CPU
		{0578FEFE-D756-4CE0-9FA6-19FD020EF003}.Release|Any CPU.Build.0 = Release|Any CPU
		{0578FEFE-D756-4CE0-9FA6-19FD020EF003}.Release|x64.ActiveCfg = Release|Any CPU
		{0578FEFE-D756-4CE0-9FA6-19FD020EF003}.Release|x64.Build.0 = Release|Any CPU
		{0578FEFE-D756-4CE0-9FA6-19FD020EF003}.Release|x86.ActiveCfg = Release|Any CPU
		{0578FEFE-D756-4CE0-9FA6-19FD020EF003}.Release|x86.Build.0 = Release|Any CPU
		{0C527107-493E-49FD-81DA-01F870484DA4}.Debug|Any CPU.ActiveCfg = Debug|Any CPU
		{0C527107-493E-49FD-81DA-01F870484DA4}.Debug|Any CPU.Build.0 = Debug|Any CPU
		{0C527107-493E-49FD-81DA-01F870484DA4}.Debug|x64.ActiveCfg = Debug|Any CPU
		{0C527107-493E-49FD-81DA-01F870484DA4}.Debug|x64.Build.0 = Debug|Any CPU
		{0C527107-493E-49FD-81DA-01F870484DA4}.Debug|x86.ActiveCfg = Debug|Any CPU
		{0C527107-493E-49FD-81DA-01F870484DA4}.Debug|x86.Build.0 = Debug|Any CPU
		{0C527107-493E-49FD-81DA-01F870484DA4}.Release|Any CPU.ActiveCfg = Release|Any CPU
		{0C527107-493E-49FD-81DA-01F870484DA4}.Release|Any CPU.Build.0 = Release|Any CPU
		{0C527107-493E-49FD-81DA-01F870484DA4}.Release|x64.ActiveCfg = Release|Any CPU
		{0C527107-493E-49FD-81DA-01F870484DA4}.Release|x64.Build.0 = Release|Any CPU
		{0C527107-493E-49FD-81DA-01F870484DA4}.Release|x86.ActiveCfg = Release|Any CPU
		{0C527107-493E-49FD-81DA-01F870484DA4}.Release|x86.Build.0 = Release|Any CPU
		{C83E2E8A-BC7C-4958-B8F0-05744DB9615C}.Debug|Any CPU.ActiveCfg = Debug|Any CPU
		{C83E2E8A-BC7C-4958-B8F0-05744DB9615C}.Debug|Any CPU.Build.0 = Debug|Any CPU
		{C83E2E8A-BC7C-4958-B8F0-05744DB9615C}.Debug|x64.ActiveCfg = Debug|Any CPU
		{C83E2E8A-BC7C-4958-B8F0-05744DB9615C}.Debug|x64.Build.0 = Debug|Any CPU
		{C83E2E8A-BC7C-4958-B8F0-05744DB9615C}.Debug|x86.ActiveCfg = Debug|Any CPU
		{C83E2E8A-BC7C-4958-B8F0-05744DB9615C}.Debug|x86.Build.0 = Debug|Any CPU
		{C83E2E8A-BC7C-4958-B8F0-05744DB9615C}.Release|Any CPU.ActiveCfg = Release|Any CPU
		{C83E2E8A-BC7C-4958-B8F0-05744DB9615C}.Release|Any CPU.Build.0 = Release|Any CPU
		{C83E2E8A-BC7C-4958-B8F0-05744DB9615C}.Release|x64.ActiveCfg = Release|Any CPU
		{C83E2E8A-BC7C-4958-B8F0-05744DB9615C}.Release|x64.Build.0 = Release|Any CPU
		{C83E2E8A-BC7C-4958-B8F0-05744DB9615C}.Release|x86.ActiveCfg = Release|Any CPU
		{C83E2E8A-BC7C-4958-B8F0-05744DB9615C}.Release|x86.Build.0 = Release|Any CPU
	EndGlobalSection
	GlobalSection(SolutionProperties) = preSolution
		HideSolutionNode = FALSE
	EndGlobalSection
	GlobalSection(NestedProjects) = preSolution
		{0BA62BC3-6504-4CF4-A7AD-4E1C6F800D12} = {2C05379B-1A5E-4072-A06E-12DD5AD83494}
		{7001223C-FF25-4DDF-8B38-5B6535280DAA} = {FE24DE26-FF1A-42B4-901E-575757B1A18F}
		{0578FEFE-D756-4CE0-9FA6-19FD020EF003} = {40556B02-2537-4425-B2E9-EFDE6548EEA7}
		{0C527107-493E-49FD-81DA-01F870484DA4} = {3BEA1CF4-ABA5-4555-A2BB-8871E240AE47}
		{C83E2E8A-BC7C-4958-B8F0-05744DB9615C} = {6F1C4341-3FF3-413F-ADAD-6165E8D712E0}
		{3BEA1CF4-ABA5-4555-A2BB-8871E240AE47} = {CFA0334F-218F-44A9-B673-B4007808CC4C}
		{6F1C4341-3FF3-413F-ADAD-6165E8D712E0} = {CFA0334F-218F-44A9-B673-B4007808CC4C}
	EndGlobalSection
	GlobalSection(ExtensibilityGlobals) = postSolution
		SolutionGuid = {B602DC0E-0FD7-4EA2-AA62-ADC0324F3DCE}
	EndGlobalSection
EndGlobal
